
Microsoft Visual Studio Solution File, Format Version 12.00
# Visual Studio Version 16
VisualStudioVersion = 16.0.32106.194
MinimumVisualStudioVersion = 10.0.40219.1
Project("{FAE04EC0-301F-11D3-BF4B-00C04F79EFBC}") = "Xalilov_Saidkamol_Task_01", "Xalilov_Saidkamol_Task_01.csproj", "{F80AA8B4-F0F2-4B32-9C88-EEB934BFD188}"
EndProject
Project("{FAE04EC0-301F-11D3-BF4B-00C04F79EFBC}") = "Xalilov_Saidkamol_Task_02", "Xalilov_Saidkamol_Task_02\Xalilov_Saidkamol_Task_02.csproj", "{77BAD4D2-7014-4799-81EA-794EDEA65E2A}"
EndProject
Project("{FAE04EC0-301F-11D3-BF4B-00C04F79EFBC}") = "Xalilov_Saidkamol_Task_03", "Xalilov_Saidkamol_Task_03\Xalilov_Saidkamol_Task_03.csproj", "{A652DD2D-3C32-403E-AB75-26EEED80E1AA}"
EndProject
Project("{FAE04EC0-301F-11D3-BF4B-00C04F79EFBC}") = "Xalilov_Saidkamol_Task_04", "Xalilov_Saidkamol_Task_04\Xalilov_Saidkamol_Task_04.csproj", "{7C98ADBB-E492-43F8-A1F3-9AE04132C52C}"
EndProject
Project("{FAE04EC0-301F-11D3-BF4B-00C04F79EFBC}") = "Xalilov_Saidkamol_Task_05", "Xalilov_Saidkamol_Task_05\Xalilov_Saidkamol_Task_05.csproj", "{65D01517-4294-4B58-AB5B-6844D6C9856B}"
EndProject
Project("{FAE04EC0-301F-11D3-BF4B-00C04F79EFBC}") = "Xalilov_Saidkamol_Task_06", "Xalilov_Saidkamol_Task_06\Xalilov_Saidkamol_Task_06.csproj", "{C0AC8E2C-B87C-4EF4-B5C2-A2824FD69E49}"
EndProject
Project("{FAE04EC0-301F-11D3-BF4B-00C04F79EFBC}") = "Xalilov_Saidkamol_Task_07", "Xalilov_Saidkamol_Task_07\Xalilov_Saidkamol_Task_07.csproj", "{F6C17E00-5543-4BA8-BC01-4A202714AD67}"
EndProject
Global
	GlobalSection(SolutionConfigurationPlatforms) = preSolution
		Debug|Any CPU = Debug|Any CPU
		Release|Any CPU = Release|Any CPU
	EndGlobalSection
	GlobalSection(ProjectConfigurationPlatforms) = postSolution
		{F80AA8B4-F0F2-4B32-9C88-EEB934BFD188}.Debug|Any CPU.ActiveCfg = Debug|Any CPU
		{F80AA8B4-F0F2-4B32-9C88-EEB934BFD188}.Debug|Any CPU.Build.0 = Debug|Any CPU
		{F80AA8B4-F0F2-4B32-9C88-EEB934BFD188}.Release|Any CPU.ActiveCfg = Release|Any CPU
		{F80AA8B4-F0F2-4B32-9C88-EEB934BFD188}.Release|Any CPU.Build.0 = Release|Any CPU
		{77BAD4D2-7014-4799-81EA-794EDEA65E2A}.Debug|Any CPU.ActiveCfg = Debug|Any CPU
		{77BAD4D2-7014-4799-81EA-794EDEA65E2A}.Debug|Any CPU.Build.0 = Debug|Any CPU
		{77BAD4D2-7014-4799-81EA-794EDEA65E2A}.Release|Any CPU.ActiveCfg = Release|Any CPU
		{77BAD4D2-7014-4799-81EA-794EDEA65E2A}.Release|Any CPU.Build.0 = Release|Any CPU
		{A652DD2D-3C32-403E-AB75-26EEED80E1AA}.Debug|Any CPU.ActiveCfg = Debug|Any CPU
		{A652DD2D-3C32-403E-AB75-26EEED80E1AA}.Debug|Any CPU.Build.0 = Debug|Any CPU
		{A652DD2D-3C32-403E-AB75-26EEED80E1AA}.Release|Any CPU.ActiveCfg = Release|Any CPU
		{A652DD2D-3C32-403E-AB75-26EEED80E1AA}.Release|Any CPU.Build.0 = Release|Any CPU
		{7C98ADBB-E492-43F8-A1F3-9AE04132C52C}.Debug|Any CPU.ActiveCfg = Debug|Any CPU
		{7C98ADBB-E492-43F8-A1F3-9AE04132C52C}.Debug|Any CPU.Build.0 = Debug|Any CPU
		{7C98ADBB-E492-43F8-A1F3-9AE04132C52C}.Release|Any CPU.ActiveCfg = Release|Any CPU
		{7C98ADBB-E492-43F8-A1F3-9AE04132C52C}.Release|Any CPU.Build.0 = Release|Any CPU
		{65D01517-4294-4B58-AB5B-6844D6C9856B}.Debug|Any CPU.ActiveCfg = Debug|Any CPU
		{65D01517-4294-4B58-AB5B-6844D6C9856B}.Debug|Any CPU.Build.0 = Debug|Any CPU
		{65D01517-4294-4B58-AB5B-6844D6C9856B}.Release|Any CPU.ActiveCfg = Release|Any CPU
		{65D01517-4294-4B58-AB5B-6844D6C9856B}.Release|Any CPU.Build.0 = Release|Any CPU
		{C0AC8E2C-B87C-4EF4-B5C2-A2824FD69E49}.Debug|Any CPU.ActiveCfg = Debug|Any CPU
		{C0AC8E2C-B87C-4EF4-B5C2-A2824FD69E49}.Debug|Any CPU.Build.0 = Debug|Any CPU
		{C0AC8E2C-B87C-4EF4-B5C2-A2824FD69E49}.Release|Any CPU.ActiveCfg = Release|Any CPU
		{C0AC8E2C-B87C-4EF4-B5C2-A2824FD69E49}.Release|Any CPU.Build.0 = Release|Any CPU
		{F6C17E00-5543-4BA8-BC01-4A202714AD67}.Debug|Any CPU.ActiveCfg = Debug|Any CPU
		{F6C17E00-5543-4BA8-BC01-4A202714AD67}.Debug|Any CPU.Build.0 = Debug|Any CPU
		{F6C17E00-5543-4BA8-BC01-4A202714AD67}.Release|Any CPU.ActiveCfg = Release|Any CPU
		{F6C17E00-5543-4BA8-BC01-4A202714AD67}.Release|Any CPU.Build.0 = Release|Any CPU
	EndGlobalSection
	GlobalSection(SolutionProperties) = preSolution
		HideSolutionNode = FALSE
	EndGlobalSection
	GlobalSection(ExtensibilityGlobals) = postSolution
		SolutionGuid = {F661C5CA-62BE-45ED-92FC-1124EB4D59F3}
	EndGlobalSection
EndGlobal
